{
    "_meta": {
        "hash": {
            "sha256": "33fc2a1121319f5f6f1f5ca0555f54d5d5c8a5c04e16c069c51c1fc3e8f33eac"
        },
        "pipfile-spec": 6,
        "requires": {},
        "sources": [
            {
                "name": "pypi",
                "url": "https://pypi.org/simple",
                "verify_ssl": true
            }
        ]
    },
    "default": {
        "certifi": {
            "hashes": [
                "sha256:35824b4c3a97115964b408844d64aa14db1cc518f6562e8d7261699d1350a9e3",
                "sha256:4ad3232f5e926d6718ec31cfc1fcadfde020920e278684144551c91769c7bc18"
            ],
            "version": "==2022.12.7"
        },
        "deprecated": {
            "hashes": [
                "sha256:43ac5335da90c31c24ba028af536a91d41d53f9e6901ddb021bcc572ce44e38d",
                "sha256:64756e3e14c8c5eea9795d93c524551432a0be75629f8f29e67ab8caf076c76d"
            ],
            "version": "==1.2.13"
        },
        "docopt": {
            "hashes": [
                "sha256:49b3a825280bd66b3aa83585ef59c4a8c82f2c8a522dbe754a8bc8d08c85c491"
            ],
            "index": "pypi",
            "version": "==0.6.2"
        },
        "geographiclib": {
            "hashes": [
                "sha256:6b7225248e45ff7edcee32becc4e0a1504c606ac5ee163a5656d482e0cd38734",
                "sha256:f7f41c85dc3e1c2d3d935ec86660dc3b2c848c83e17f9a9e51ba9d5146a15859"
            ],
            "version": "==2.0"
        },
        "greenlet": {
            "hashes": [
                "sha256:0109af1138afbfb8ae647e31a2b1ab030f58b21dd8528c27beaeb0093b7938a9",
                "sha256:0459d94f73265744fee4c2d5ec44c6f34aa8a31017e6e9de770f7bcf29710be9",
                "sha256:04957dc96669be041e0c260964cfef4c77287f07c40452e61abe19d647505581",
                "sha256:0722c9be0797f544a3ed212569ca3fe3d9d1a1b13942d10dd6f0e8601e484d26",
                "sha256:097e3dae69321e9100202fc62977f687454cd0ea147d0fd5a766e57450c569fd",
                "sha256:0b493db84d124805865adc587532ebad30efa68f79ad68f11b336e0a51ec86c2",
                "sha256:13ba6e8e326e2116c954074c994da14954982ba2795aebb881c07ac5d093a58a",
                "sha256:13ebf93c343dd8bd010cd98e617cb4c1c1f352a0cf2524c82d3814154116aa82",
                "sha256:1407fe45246632d0ffb7a3f4a520ba4e6051fc2cbd61ba1f806900c27f47706a",
                "sha256:1bf633a50cc93ed17e494015897361010fc08700d92676c87931d3ea464123ce",
                "sha256:2d0bac0385d2b43a7bd1d651621a4e0f1380abc63d6fb1012213a401cbd5bf8f",
                "sha256:3001d00eba6bbf084ae60ec7f4bb8ed375748f53aeaefaf2a37d9f0370558524",
                "sha256:356e4519d4dfa766d50ecc498544b44c0249b6de66426041d7f8b751de4d6b48",
                "sha256:38255a3f1e8942573b067510f9611fc9e38196077b0c8eb7a8c795e105f9ce77",
                "sha256:3d75b8d013086b08e801fbbb896f7d5c9e6ccd44f13a9241d2bf7c0df9eda928",
                "sha256:41b825d65f31e394b523c84db84f9383a2f7eefc13d987f308f4663794d2687e",
                "sha256:42e602564460da0e8ee67cb6d7236363ee5e131aa15943b6670e44e5c2ed0f67",
                "sha256:4aeaebcd91d9fee9aa768c1b39cb12214b30bf36d2b7370505a9f2165fedd8d9",
                "sha256:4c8b1c43e75c42a6cafcc71defa9e01ead39ae80bd733a2608b297412beede68",
                "sha256:4d37990425b4687ade27810e3b1a1c37825d242ebc275066cfee8cb6b8829ccd",
                "sha256:4f09b0010e55bec3239278f642a8a506b91034f03a4fb28289a7d448a67f1515",
                "sha256:505138d4fa69462447a562a7c2ef723c6025ba12ac04478bc1ce2fcc279a2db5",
                "sha256:5067920de254f1a2dee8d3d9d7e4e03718e8fd2d2d9db962c8c9fa781ae82a39",
                "sha256:56961cfca7da2fdd178f95ca407fa330c64f33289e1804b592a77d5593d9bd94",
                "sha256:5a8e05057fab2a365c81abc696cb753da7549d20266e8511eb6c9d9f72fe3e92",
                "sha256:659f167f419a4609bc0516fb18ea69ed39dbb25594934bd2dd4d0401660e8a1e",
                "sha256:662e8f7cad915ba75d8017b3e601afc01ef20deeeabf281bd00369de196d7726",
                "sha256:6f61d71bbc9b4a3de768371b210d906726535d6ca43506737682caa754b956cd",
                "sha256:72b00a8e7c25dcea5946692a2485b1a0c0661ed93ecfedfa9b6687bd89a24ef5",
                "sha256:811e1d37d60b47cb8126e0a929b58c046251f28117cb16fcd371eed61f66b764",
                "sha256:81b0ea3715bf6a848d6f7149d25bf018fd24554a4be01fcbbe3fdc78e890b955",
                "sha256:88c8d517e78acdf7df8a2134a3c4b964415b575d2840a2746ddb1cc6175f8608",
                "sha256:8dca09dedf1bd8684767bc736cc20c97c29bc0c04c413e3276e0962cd7aeb148",
                "sha256:974a39bdb8c90a85982cdb78a103a32e0b1be986d411303064b28a80611f6e51",
                "sha256:9e112e03d37987d7b90c1e98ba5e1b59e1645226d78d73282f45b326f7bddcb9",
                "sha256:9e9744c657d896c7b580455e739899e492a4a452e2dd4d2b3e459f6b244a638d",
                "sha256:9ed358312e63bf683b9ef22c8e442ef6c5c02973f0c2a939ec1d7b50c974015c",
                "sha256:9f2c221eecb7ead00b8e3ddb913c67f75cba078fd1d326053225a3f59d850d72",
                "sha256:a20d33124935d27b80e6fdacbd34205732660e0a1d35d8b10b3328179a2b51a1",
                "sha256:a4c0757db9bd08470ff8277791795e70d0bf035a011a528ee9a5ce9454b6cba2",
                "sha256:afe07421c969e259e9403c3bb658968702bc3b78ec0b6fde3ae1e73440529c23",
                "sha256:b1992ba9d4780d9af9726bbcef6a1db12d9ab1ccc35e5773685a24b7fb2758eb",
                "sha256:b23d2a46d53210b498e5b701a1913697671988f4bf8e10f935433f6e7c332fb6",
                "sha256:b5e83e4de81dcc9425598d9469a624826a0b1211380ac444c7c791d4a2137c19",
                "sha256:be35822f35f99dcc48152c9839d0171a06186f2d71ef76dc57fa556cc9bf6b45",
                "sha256:be9e0fb2ada7e5124f5282d6381903183ecc73ea019568d6d63d33f25b2a9000",
                "sha256:c140e7eb5ce47249668056edf3b7e9900c6a2e22fb0eaf0513f18a1b2c14e1da",
                "sha256:c6a08799e9e88052221adca55741bf106ec7ea0710bca635c208b751f0d5b617",
                "sha256:cb242fc2cda5a307a7698c93173d3627a2a90d00507bccf5bc228851e8304963",
                "sha256:cce1e90dd302f45716a7715517c6aa0468af0bf38e814ad4eab58e88fc09f7f7",
                "sha256:cd4ccc364cf75d1422e66e247e52a93da6a9b73cefa8cad696f3cbbb75af179d",
                "sha256:d21681f09e297a5adaa73060737e3aa1279a13ecdcfcc6ef66c292cb25125b2d",
                "sha256:d38ffd0e81ba8ef347d2be0772e899c289b59ff150ebbbbe05dc61b1246eb4e0",
                "sha256:d566b82e92ff2e09dd6342df7e0eb4ff6275a3f08db284888dcd98134dbd4243",
                "sha256:d5b0ff9878333823226d270417f24f4d06f235cb3e54d1103b71ea537a6a86ce",
                "sha256:d6ee1aa7ab36475035eb48c01efae87d37936a8173fc4d7b10bb02c2d75dd8f6",
                "sha256:db38f80540083ea33bdab614a9d28bcec4b54daa5aff1668d7827a9fc769ae0a",
                "sha256:ea688d11707d30e212e0110a1aac7f7f3f542a259235d396f88be68b649e47d1",
                "sha256:f6327b6907b4cb72f650a5b7b1be23a2aab395017aa6f1adb13069d66360eb3f",
                "sha256:fb412b7db83fe56847df9c47b6fe3f13911b06339c2aa02dcc09dce8bbf582cd"
            ],
            "markers": "python_version >= '3' and (platform_machine == 'aarch64' or (platform_machine == 'ppc64le' or (platform_machine == 'x86_64' or (platform_machine == 'amd64' or (platform_machine == 'AMD64' or (platform_machine == 'win32' or platform_machine == 'WIN32'))))))",
            "version": "==2.0.1"
        },
        "jaconv": {
            "hashes": [
                "sha256:2aff90c082ad9676a35ad7fa6da68e008789fe24a18b5e42389bd84802ad9cca"
            ],
            "version": "==0.3.3"
        },
        "jageocoder": {
            "hashes": [
                "sha256:bb02d8189b3e277b1ab48a6dec791b4eda09ccaa71b9c8d1307dc98679a403a9"
            ],
            "index": "pypi",
            "version": "==1.3.1"
        },
        "marisa-trie": {
            "hashes": [
                "sha256:0555104fe9f414abb12e967322a13df778b21958d1727470f4c8dedfde76a8f2",
                "sha256:07c14c88fde8a0ac55139f9fe763dc0deabc4b7950047719ae986ca62135e1fb",
                "sha256:08858920d0e09ca07d239252884fd72db2abb56c35ff463145ffc9c1277a4f34",
                "sha256:0ef2c4a5023bb6ddbaf1803187b7fb3108e9955aa9c60564504e5f622517c9e7",
                "sha256:1ae35c696f3c5b57c5fe4f73725102f3fe884bc658b854d484dfe6d7e72c86f5",
                "sha256:24e873619f61bef6a87c669ae459b79d98822270e8a10b21fc52dddf2acc9a46",
                "sha256:266bf4b6e00b4cff2b8618533919d38b883127f4e5c0af0e0bd78a042093dd99",
                "sha256:2f1cf9d5ead4471b149fdb93a1c84eddaa941d23e67b0782091adc222d198a87",
                "sha256:34189c321f30cefb76a6b20c7f055b3f6cd0bc8378c16ba8b7283fd898bf4ac2",
                "sha256:34f927f2738d0b402b76821895254e6a164d5020042559f7d910f6632829cdfa",
                "sha256:353113e811ccfa176fbb611b83671f0b3b40f46b3896b096c10e43f65d35916d",
                "sha256:396555d5f52dc86c65717052573fa2875e10f9e5dd014f825677beadcaec8248",
                "sha256:43abd082a21295b04859705b088d15acac8956587557680850e3149a79e36789",
                "sha256:45b0a38e015d0149141f028b8892ab518946b828c7931685199549294f5893ca",
                "sha256:49131e51aad530e4d47c716cef1bbef15a4e5b8f75bddfcdd7903f5043ef2331",
                "sha256:4ed76391b132c6261cfb402c1a08679e635d09a0a142dae2c1744d816f103c7f",
                "sha256:524c02f398d361aaf85d8f7709b5ac6de68d020c588fb6c087fb171137643c13",
                "sha256:55a5aea422a4c0c9ef143d3703323f2a43b4a5315fc90bbb6e9ff18544b8d931",
                "sha256:579d69981b18f427bd8e540199c4de400a2bd4ae98e96c814a12cbf766e7029b",
                "sha256:5c2a33ede2655f1a6fb840729128cb4bc48829108711f79b7a645b6c0c54b5c2",
                "sha256:5cf04156f38dc46f0f14423f98559c5def7d83f3a30f8a580c27ad3b0311ce76",
                "sha256:5f280f059be417cff81ac030db6a002f8a93093c7ca4555e570d43a24ed45514",
                "sha256:6412c816be723a0f11dd41225a30a08182cf2b3b7b3c882c44335003bde47003",
                "sha256:645908879ae8fcadfb51650fc176902b9e68eee9a8c4d4d8c682cf99ce3ff029",
                "sha256:66b13382be3c277f32143e6c814344118721c7954b2bfb57f5cfe93d17e63c9e",
                "sha256:68087942e95acb5801f2a5e9a874aa57af27a4afb52aca81fe1cbe22b2a2fd38",
                "sha256:6c1daaa8c38423fbd119db6654f92740d5ee40d1185a2bbc47afae6712b9ebfc",
                "sha256:6fcdb7f802db43857df3825c4c11acd14bb380deb961ff91e260950886531400",
                "sha256:71ed6286e9d593dac035b8516e7ec35a1b54a7d9c6451a9319e918a8ef722714",
                "sha256:7200cde8e2040811e98661a60463b296b76a6b224411f8899aa0850085e6af40",
                "sha256:73296b4d6d8ce2f6bc3898fe84348756beddb10cb56442391d050bff135e9c4c",
                "sha256:75317347f20bf05ab2ce5537a90989b1439b5e1752f558aad7b5d6b43194429b",
                "sha256:782c1515caa603656e15779bc61d5db3b079fa4270ad77f464908796e0d940aa",
                "sha256:80b22bdbebc3e6677e83db1352e4f6d478364107874c031a34a961437ead4e93",
                "sha256:82ba3caed5acfdff6a23d6881cc1927776b7320415261b6b24f48d0a190ab890",
                "sha256:84991b52a187d09b269c4caefc8b857a81156c44997eec7eac0e2862d108cc20",
                "sha256:891be5569cd6e3a059c2de53d63251aaaef513d68e8d2181f71378f9cb69e1ab",
                "sha256:8ccb3ba8a2a589b8a7aed693d564f20a6d3bbbb552975f904ba311cea6b85706",
                "sha256:9031184fe2215b591a6cdefe5d6d4901806fd7359e813c485a7ff25ea69d603c",
                "sha256:93172a7314d4d5993970dbafb746f23140d3abfa0d93cc174e766a302d125f7d",
                "sha256:a1b4d07158a3f9b4e84ee709a1fa86b9e11f3dd3b1e6fc45493195105a029545",
                "sha256:a432607bae139183c7251da7eb22f761440bc07d92eacc9e9f7dc0d87f70c495",
                "sha256:a537e0efff1ec880bc212390e97f1d35832a44bd78c96807ddb685d538875096",
                "sha256:a5bf2912810e135ce1e60a9b56a179ed62258306103bf5dd3186307f5c51b28f",
                "sha256:a891d2841da153b98c6c7fbe0a89ea8edbc164bdc96a001f360bdcdd54e2070d",
                "sha256:aee3de5f2836074cfd803f1caf16f68390f262ef09cd7dc7d0e8aee9b6878643",
                "sha256:bd86212d5037973deda057fc29d60e83dca05e68fa1e7ceaf014c513975c7a0d",
                "sha256:bfe649b02b6318bac572b86d9ddd8276c594411311f8e5ef2edc4bcd7285a06f",
                "sha256:c53b1d02f4974ecb52c6e8c6f4f1dbf3a15e79bc3861f4ad48b14e4e77c82342",
                "sha256:c8df5238c7b29498f4ee24fd3ee25e0129b3c56beaed1dd1628bce0ebac8ec8c",
                "sha256:c9ab632c5caef23a59cd43c76ab59e325f9eadd1e9c8b1c34005b9756ae716ee",
                "sha256:cc1c1dca06c0fdcca5bb261a09eca2b3bcf41eaeb467caf600ac68e77d3ed2c0",
                "sha256:d0d891f0138e5aecc9c5afb7b0a57c758e22c5b5c7c0edb0a1f21ae933259815",
                "sha256:d19f363b981fe9b4a302060a8088fd1f00906bc315db24f5d6726b5c309cc47e",
                "sha256:d37ea556bb99d9b0dfbe8fd6bdb17e91b91d04531be9e3b8b1b7b7f76ea55637",
                "sha256:d75b5d642b3d1e47a0ab649fb5eb6bf3681a5e1d3793c8ea7546586ab72731fd",
                "sha256:db2bdc480d83a1a566b3a64027f9fb34eae98bfe45788c41a45e99d430cbf48a",
                "sha256:e0d51c31fb41b6bc76c1abb7cf2d63a6e0ba7feffc96ea3d92b4d5084d71721a",
                "sha256:e6232506b4d66da932f70cf359a4c5ba9e086228ccd97b602159e90c6ea53dab",
                "sha256:f0359f392679774d1ff014f12efdf48da5d661e6241531ff55a3ae5a72a1137e",
                "sha256:f49a2cba047e643e5cd295d75de59f1df710c5e919cd376ac06ead513439881b",
                "sha256:f96531013252bca14f7665f67aa642be113b6c348ada5e167ebf8db27b1551b5",
                "sha256:fd7e71d8d85d04d2a5d23611663b2d322b60c98c2edab7e9ef9a2019f7435c5b"
            ],
            "version": "==0.7.8"
        },
        "pyproj": {
            "hashes": [
                "sha256:0189fdd7aa789542a7a623010dfff066c5849b24397f81f860ec3ee085cbf55c",
                "sha256:0406f64ff59eb3342efb102c9f31536430aa5cde5ef0bfabd5aaccb73dd8cd5a",
                "sha256:0c7b32382ae22a9bf5b690d24c7b4c0fb89ba313c3a91ef1a8c54b50baf10954",
                "sha256:129234afa179c8293b010ea4f73655ff7b20b5afdf7fac170f223bcf0ed6defd",
                "sha256:19f5de1a7c3b81b676d846350d4bdf2ae6af13b9a450d1881706f088ecad0e2c",
                "sha256:231c038c6b65395c41ae3362320f03ce8054cb54dc63556e605695e5d461a27e",
                "sha256:25a5425cd2a0b16f5f944d49165196eebaa60b898a08c404a644c29e6a7a04b3",
                "sha256:261eb29b1d55b1eb7f336127344d9b31284d950a9446d1e0d1c2411f7dd8e3ac",
                "sha256:2bd633f3b8ca6eb09135dfaf06f09e2869deb139985aab26d728e8a60c9938b9",
                "sha256:2d1e7f42da205e0534831ae9aa9cee0353ab8c1aab2c369474adbb060294d98a",
                "sha256:2f87f16b902c8b2af007295c63a435f043db9e40bd45e6f96962c7b8cd08fdb5",
                "sha256:321b82210dc5271558573d0874b9967c5a25872a28d0168049ddabe8bfecffce",
                "sha256:3d70ca5933cddbe6f51396006fb9fc78bc2b1f9d28775922453c4b04625a7efb",
                "sha256:57ec7d2b7f2773d877927abc72e2229ef8530c09181be0e28217742bae1bc4f5",
                "sha256:5a53acbde511a7a9e1873c7f93c68f35b8c3653467b77195fe18e847555dcb7a",
                "sha256:5f3f75b030cf811f040c90a8758a20115e8746063e4cad0d0e941a4954d1219b",
                "sha256:6bdac3bc1899fcc4021be06d303b342923fb8311fe06f8d862c348a1a0e78b41",
                "sha256:7aef19d5a0a3b2d6b17f7dc9a87af722e71139cd1eea7eb82ed062a8a4b0e272",
                "sha256:8078c90cea07d53e3406c7c84cbf76a2ac0ffc580c365f13801575486b9d558c",
                "sha256:97065fe82e80f7e2740e7897a0e36e8defc0a3614927f0276b4f1d1ea1ef66fa",
                "sha256:a30d78e619dae5cd1bb69addae2f1e5f8ee1b4a8ab4f3d954e9eaf41948db506",
                "sha256:a32e1d12340ad93232b7ea4dc1a4f4b21fa9fa9efa4b293adad45be7af6b51ec",
                "sha256:a5eada965e8ac24e783f2493d1d9bcd11c5c93959bd43558224dd31d9faebd1c",
                "sha256:a98fe3e53be428e67ae6a9ee9affff92346622e0e3ea0cbc15dce939b318d395",
                "sha256:c240fe6bcb5c325b50fc967d5458d708412633f4f05fefc7fb14c14254ebf421",
                "sha256:c60d112d8f1621a606b7f2adb0b1582f80498e663413d2ba9f5df1c93d99f432",
                "sha256:cd9f9c409f465834988ce0aa8c1ed496081c6957f2e5ef40ed28de04397d3c0b",
                "sha256:ce50126dad7cd4749ab86fc4c8b54ec0898149ce6710ab5c93c76a54a4afa249",
                "sha256:da96319b137cfd66f0bae0e300cdc77dd17af4785b9360a9bdddb1d7176a0bbb",
                "sha256:e463c687007861a9949909211986850cfc2e72930deda0d06449ef2e315db534",
                "sha256:e8c0d1ac9ef5a4d2e6501a4b30136c55f1e1db049d1626cc313855c4f97d196d",
                "sha256:e9d82df555cf19001bac40e1de0e40fb762dec785685b77edd6993286c01b7f7",
                "sha256:ef76abfee1a0676ef973470abe11e22998750f2bd944afaf76d44ad70b538c06",
                "sha256:ef8c30c62fe4e386e523e14e1e83bd460f745bd2c8dfd0d0c327f9460c4d3c0c",
                "sha256:f38dea459e22e86326b1c7d47718a3e10c7a27910cf5eb86ea2679b8084d0c4e"
            ],
            "index": "pypi",
            "version": "==3.4.1"
        },
        "sqlalchemy": {
            "hashes": [
                "sha256:07e48cbcdda6b8bc7a59d6728bd3f5f574ffe03f2c9fb384239f3789c2d95c2e",
                "sha256:18cafdb27834fa03569d29f571df7115812a0e59fd6a3a03ccb0d33678ec8420",
                "sha256:1b1e5e96e2789d89f023d080bee432e2fef64d95857969e70d3cadec80bd26f0",
                "sha256:315676344e3558f1f80d02535f410e80ea4e8fddba31ec78fe390eff5fb8f466",
                "sha256:31de1e2c45e67a5ec1ecca6ec26aefc299dd5151e355eb5199cd9516b57340be",
                "sha256:3d94682732d1a0def5672471ba42a29ff5e21bb0aae0afa00bb10796fc1e28dd",
                "sha256:3ec187acf85984263299a3f15c34a6c0671f83565d86d10f43ace49881a82718",
                "sha256:4847f4b1d822754e35707db913396a29d874ee77b9c3c3ef3f04d5a9a6209618",
                "sha256:4d112b0f3c1bc5ff70554a97344625ef621c1bfe02a73c5d97cac91f8cd7a41e",
                "sha256:51e1ba2884c6a2b8e19109dc08c71c49530006c1084156ecadfaadf5f9b8b053",
                "sha256:535377e9b10aff5a045e3d9ada8a62d02058b422c0504ebdcf07930599890eb0",
                "sha256:5dbf17ac9a61e7a3f1c7ca47237aac93cabd7f08ad92ac5b96d6f8dea4287fc1",
                "sha256:5f752676fc126edc1c4af0ec2e4d2adca48ddfae5de46bb40adbd3f903eb2120",
                "sha256:64cb0ad8a190bc22d2112001cfecdec45baffdf41871de777239da6a28ed74b6",
                "sha256:6913b8247d8a292ef8315162a51931e2b40ce91681f1b6f18f697045200c4a30",
                "sha256:69fac0a7054d86b997af12dc23f581cf0b25fb1c7d1fed43257dee3af32d3d6d",
                "sha256:7001f16a9a8e06488c3c7154827c48455d1c1507d7228d43e781afbc8ceccf6d",
                "sha256:7b81b1030c42b003fc10ddd17825571603117f848814a344d305262d370e7c34",
                "sha256:7f8267682eb41a0584cf66d8a697fef64b53281d01c93a503e1344197f2e01fe",
                "sha256:887865924c3d6e9a473dc82b70977395301533b3030d0f020c38fd9eba5419f2",
                "sha256:9167d4227b56591a4cc5524f1b79ccd7ea994f36e4c648ab42ca995d28ebbb96",
                "sha256:939f9a018d2ad04036746e15d119c0428b1e557470361aa798e6e7d7f5875be0",
                "sha256:955162ad1a931fe416eded6bb144ba891ccbf9b2e49dc7ded39274dd9c5affc5",
                "sha256:984ee13543a346324319a1fb72b698e521506f6f22dc37d7752a329e9cd00a32",
                "sha256:9883f5fae4fd8e3f875adc2add69f8b945625811689a6c65866a35ee9c0aea23",
                "sha256:a1ad90c97029cc3ab4ffd57443a20fac21d2ec3c89532b084b073b3feb5abff3",
                "sha256:a3714e5b33226131ac0da60d18995a102a17dddd42368b7bdd206737297823ad",
                "sha256:ae067ab639fa499f67ded52f5bc8e084f045d10b5ac7bb928ae4ca2b6c0429a5",
                "sha256:b33ffbdbbf5446cf36cd4cc530c9d9905d3c2fe56ed09e25c22c850cdb9fac92",
                "sha256:b6e4cb5c63f705c9d546a054c60d326cbde7421421e2d2565ce3e2eee4e1a01f",
                "sha256:b7f4b6aa6e87991ec7ce0e769689a977776db6704947e562102431474799a857",
                "sha256:c04144a24103135ea0315d459431ac196fe96f55d3213bfd6d39d0247775c854",
                "sha256:c522e496f9b9b70296a7675272ec21937ccfc15da664b74b9f58d98a641ce1b6",
                "sha256:c5a99282848b6cae0056b85da17392a26b2d39178394fc25700bcf967e06e97a",
                "sha256:c7a46639ba058d320c9f53a81db38119a74b8a7a1884df44d09fbe807d028aaf",
                "sha256:d4b1cc7835b39835c75cf7c20c926b42e97d074147c902a9ebb7cf2c840dc4e2",
                "sha256:d4d164df3d83d204c69f840da30b292ac7dc54285096c6171245b8d7807185aa",
                "sha256:d61e9ecc849d8d44d7f80894ecff4abe347136e9d926560b818f6243409f3c86",
                "sha256:d68e1762997bfebf9e5cf2a9fd0bcf9ca2fdd8136ce7b24bbd3bbfa4328f3e4a",
                "sha256:e3c1808008124850115a3f7e793a975cfa5c8a26ceeeb9ff9cbb4485cac556df",
                "sha256:f8cb80fe8d14307e4124f6fad64dfd87ab749c9d275f82b8b4ec84c84ecebdbe"
            ],
            "version": "==1.4.46"
        },
        "wrapt": {
            "hashes": [
                "sha256:00b6d4ea20a906c0ca56d84f93065b398ab74b927a7a3dbd470f6fc503f95dc3",
                "sha256:01c205616a89d09827986bc4e859bcabd64f5a0662a7fe95e0d359424e0e071b",
                "sha256:02b41b633c6261feff8ddd8d11c711df6842aba629fdd3da10249a53211a72c4",
                "sha256:07f7a7d0f388028b2df1d916e94bbb40624c59b48ecc6cbc232546706fac74c2",
                "sha256:11871514607b15cfeb87c547a49bca19fde402f32e2b1c24a632506c0a756656",
                "sha256:1b376b3f4896e7930f1f772ac4b064ac12598d1c38d04907e696cc4d794b43d3",
                "sha256:21ac0156c4b089b330b7666db40feee30a5d52634cc4560e1905d6529a3897ff",
                "sha256:257fd78c513e0fb5cdbe058c27a0624c9884e735bbd131935fd49e9fe719d310",
                "sha256:2b39d38039a1fdad98c87279b48bc5dce2c0ca0d73483b12cb72aa9609278e8a",
                "sha256:2cf71233a0ed05ccdabe209c606fe0bac7379fdcf687f39b944420d2a09fdb57",
                "sha256:2fe803deacd09a233e4762a1adcea5db5d31e6be577a43352936179d14d90069",
                "sha256:3232822c7d98d23895ccc443bbdf57c7412c5a65996c30442ebe6ed3df335383",
                "sha256:34aa51c45f28ba7f12accd624225e2b1e5a3a45206aa191f6f9aac931d9d56fe",
                "sha256:36f582d0c6bc99d5f39cd3ac2a9062e57f3cf606ade29a0a0d6b323462f4dd87",
                "sha256:380a85cf89e0e69b7cfbe2ea9f765f004ff419f34194018a6827ac0e3edfed4d",
                "sha256:40e7bc81c9e2b2734ea4bc1aceb8a8f0ceaac7c5299bc5d69e37c44d9081d43b",
                "sha256:43ca3bbbe97af00f49efb06e352eae40434ca9d915906f77def219b88e85d907",
                "sha256:4fcc4649dc762cddacd193e6b55bc02edca674067f5f98166d7713b193932b7f",
                "sha256:5a0f54ce2c092aaf439813735584b9537cad479575a09892b8352fea5e988dc0",
                "sha256:5a9a0d155deafd9448baff28c08e150d9b24ff010e899311ddd63c45c2445e28",
                "sha256:5b02d65b9ccf0ef6c34cba6cf5bf2aab1bb2f49c6090bafeecc9cd81ad4ea1c1",
                "sha256:60db23fa423575eeb65ea430cee741acb7c26a1365d103f7b0f6ec412b893853",
                "sha256:642c2e7a804fcf18c222e1060df25fc210b9c58db7c91416fb055897fc27e8cc",
                "sha256:6a9a25751acb379b466ff6be78a315e2b439d4c94c1e99cb7266d40a537995d3",
                "sha256:6b1a564e6cb69922c7fe3a678b9f9a3c54e72b469875aa8018f18b4d1dd1adf3",
                "sha256:6d323e1554b3d22cfc03cd3243b5bb815a51f5249fdcbb86fda4bf62bab9e164",
                "sha256:6e743de5e9c3d1b7185870f480587b75b1cb604832e380d64f9504a0535912d1",
                "sha256:709fe01086a55cf79d20f741f39325018f4df051ef39fe921b1ebe780a66184c",
                "sha256:7b7c050ae976e286906dd3f26009e117eb000fb2cf3533398c5ad9ccc86867b1",
                "sha256:7d2872609603cb35ca513d7404a94d6d608fc13211563571117046c9d2bcc3d7",
                "sha256:7ef58fb89674095bfc57c4069e95d7a31cfdc0939e2a579882ac7d55aadfd2a1",
                "sha256:80bb5c256f1415f747011dc3604b59bc1f91c6e7150bd7db03b19170ee06b320",
                "sha256:81b19725065dcb43df02b37e03278c011a09e49757287dca60c5aecdd5a0b8ed",
                "sha256:833b58d5d0b7e5b9832869f039203389ac7cbf01765639c7309fd50ef619e0b1",
                "sha256:88bd7b6bd70a5b6803c1abf6bca012f7ed963e58c68d76ee20b9d751c74a3248",
                "sha256:8ad85f7f4e20964db4daadcab70b47ab05c7c1cf2a7c1e51087bfaa83831854c",
                "sha256:8c0ce1e99116d5ab21355d8ebe53d9460366704ea38ae4d9f6933188f327b456",
                "sha256:8d649d616e5c6a678b26d15ece345354f7c2286acd6db868e65fcc5ff7c24a77",
                "sha256:903500616422a40a98a5a3c4ff4ed9d0066f3b4c951fa286018ecdf0750194ef",
                "sha256:9736af4641846491aedb3c3f56b9bc5568d92b0692303b5a305301a95dfd38b1",
                "sha256:988635d122aaf2bdcef9e795435662bcd65b02f4f4c1ae37fbee7401c440b3a7",
                "sha256:9cca3c2cdadb362116235fdbd411735de4328c61425b0aa9f872fd76d02c4e86",
                "sha256:9e0fd32e0148dd5dea6af5fee42beb949098564cc23211a88d799e434255a1f4",
                "sha256:9f3e6f9e05148ff90002b884fbc2a86bd303ae847e472f44ecc06c2cd2fcdb2d",
                "sha256:a85d2b46be66a71bedde836d9e41859879cc54a2a04fad1191eb50c2066f6e9d",
                "sha256:a9a52172be0b5aae932bef82a79ec0a0ce87288c7d132946d645eba03f0ad8a8",
                "sha256:aa31fdcc33fef9eb2552cbcbfee7773d5a6792c137b359e82879c101e98584c5",
                "sha256:b014c23646a467558be7da3d6b9fa409b2c567d2110599b7cf9a0c5992b3b471",
                "sha256:b21bb4c09ffabfa0e85e3a6b623e19b80e7acd709b9f91452b8297ace2a8ab00",
                "sha256:b5901a312f4d14c59918c221323068fad0540e34324925c8475263841dbdfe68",
                "sha256:b9b7a708dd92306328117d8c4b62e2194d00c365f18eff11a9b53c6f923b01e3",
                "sha256:d1967f46ea8f2db647c786e78d8cc7e4313dbd1b0aca360592d8027b8508e24d",
                "sha256:d52a25136894c63de15a35bc0bdc5adb4b0e173b9c0d07a2be9d3ca64a332735",
                "sha256:d77c85fedff92cf788face9bfa3ebaa364448ebb1d765302e9af11bf449ca36d",
                "sha256:d79d7d5dc8a32b7093e81e97dad755127ff77bcc899e845f41bf71747af0c569",
                "sha256:dbcda74c67263139358f4d188ae5faae95c30929281bc6866d00573783c422b7",
                "sha256:ddaea91abf8b0d13443f6dac52e89051a5063c7d014710dcb4d4abb2ff811a59",
                "sha256:dee0ce50c6a2dd9056c20db781e9c1cfd33e77d2d569f5d1d9321c641bb903d5",
                "sha256:dee60e1de1898bde3b238f18340eec6148986da0455d8ba7848d50470a7a32fb",
                "sha256:e2f83e18fe2f4c9e7db597e988f72712c0c3676d337d8b101f6758107c42425b",
                "sha256:e3fb1677c720409d5f671e39bac6c9e0e422584e5f518bfd50aa4cbbea02433f",
                "sha256:ee2b1b1769f6707a8a445162ea16dddf74285c3964f605877a20e38545c3c462",
                "sha256:ee6acae74a2b91865910eef5e7de37dc6895ad96fa23603d1d27ea69df545015",
                "sha256:ef3f72c9666bba2bab70d2a8b79f2c6d2c1a42a7f7e2b0ec83bb2f9e383950af"
            ],
            "version": "==1.14.1"
        }
    },
    "develop": {
        "autopep8": {
            "hashes": [
                "sha256:be5bc98c33515b67475420b7b1feafc8d32c1a69862498eda4983b45bffd2687",
                "sha256:d27a8929d8dcd21c0f4b3859d2d07c6c25273727b98afc984c039df0f0d86566"
            ],
            "index": "pypi",
            "version": "==2.0.1"
        },
        "flake8": {
            "hashes": [
                "sha256:3833794e27ff64ea4e9cf5d410082a8b97ff1a06c16aa3d2027339cd0f1195c7",
                "sha256:c61007e76655af75e6785a931f452915b371dc48f56efd765247c8fe68f2b181"
            ],
            "index": "pypi",
            "version": "==6.0.0"
        },
        "mccabe": {
            "hashes": [
                "sha256:348e0240c33b60bbdf4e523192ef919f28cb2c3d7d5c7794f74009290f236325",
                "sha256:6c2d30ab6be0e4a46919781807b4f0d834ebdd6c6e3dca0bda5a15f863427b6e"
            ],
            "version": "==0.7.0"
        },
        "pycodestyle": {
            "hashes": [
                "sha256:347187bdb476329d98f695c213d7295a846d1152ff4fe9bacb8a9590b8ee7053",
                "sha256:8a4eaf0d0495c7395bdab3589ac2db602797d76207242c17d470186815706610"
            ],
            "version": "==2.10.0"
        },
        "pyflakes": {
            "hashes": [
                "sha256:ec55bf7fe21fff7f1ad2f7da62363d749e2a470500eab1b555334b67aa1ef8cf",
                "sha256:ec8b276a6b60bd80defed25add7e439881c19e64850afd9b346283d4165fd0fd"
            ],
            "version": "==3.0.1"
        },
        "tomli": {
            "hashes": [
                "sha256:939de3e7a6161af0c887ef91b7d41a53e7c5a1ca976325f429cb46ea9bc30ecc",
                "sha256:de526c12914f0c550d15924c62d72abc48d6fe7364aa87328337a31007fe8a4f"
            ],
            "markers": "python_version < '3.11'",
            "version": "==2.0.1"
        }
    }
}
